{
  "version": 4,
  "terraform_version": "0.15.5",
  "serial": 140,
  "lineage": "da2d2a66-dfb4-7d35-56a1-1bc700500139",
  "outputs": {},
  "resources": [
    {
      "mode": "managed",
      "type": "aws_ami_from_instance",
      "name": "Myweb_server",
      "provider": "provider[\"registry.terraform.io/hashicorp/aws\"]",
      "instances": [
        {
          "schema_version": 0,
          "attributes": {
            "architecture": "x86_64",
            "arn": "arn:aws:ec2:us-east-1::image/ami-040e2caea98c68e8a",
            "description": "",
            "ebs_block_device": [
              {
                "delete_on_termination": true,
                "device_name": "/dev/xvda",
                "encrypted": false,
                "iops": 0,
                "snapshot_id": "snap-018353f41f1ca369f",
                "throughput": 0,
                "volume_size": 8,
                "volume_type": "gp2"
              }
            ],
            "ena_support": true,
            "ephemeral_block_device": [],
            "hypervisor": "xen",
            "id": "ami-040e2caea98c68e8a",
            "image_location": "502434380454/Myweb_server",
            "image_owner_alias": "",
            "image_type": "machine",
            "kernel_id": "",
            "manage_ebs_snapshots": true,
            "name": "Myweb_server",
            "owner_id": "502434380454",
            "platform": "",
            "platform_details": "Linux/UNIX",
            "public": false,
            "ramdisk_id": "",
            "root_device_name": "/dev/xvda",
            "root_snapshot_id": "snap-018353f41f1ca369f",
            "snapshot_without_reboot": null,
            "source_instance_id": "i-0a7401b56e7ad0f41",
            "sriov_net_support": "simple",
            "tags": {},
            "tags_all": {},
            "timeouts": null,
            "usage_operation": "RunInstances",
            "virtualization_type": "hvm"
          },
          "sensitive_attributes": [],
          "private": "eyJlMmJmYjczMC1lY2FhLTExZTYtOGY4OC0zNDM2M2JjN2M0YzAiOnsiY3JlYXRlIjoyNDAwMDAwMDAwMDAwLCJkZWxldGUiOjU0MDAwMDAwMDAwMDAsInVwZGF0ZSI6MjQwMDAwMDAwMDAwMH19",
          "dependencies": [
            "aws_vpc.terravpc",
            "aws_instance.web_server",
            "aws_security_group.sgforterravpc",
            "aws_subnet.tvpc-sub1"
          ]
        }
      ]
    },
    {
      "mode": "managed",
      "type": "aws_eip",
      "name": "eipfornat",
      "provider": "provider[\"registry.terraform.io/hashicorp/aws\"]",
      "instances": [
        {
          "schema_version": 0,
          "attributes": {
            "address": null,
            "allocation_id": null,
            "associate_with_private_ip": null,
            "association_id": "eipassoc-0723d004cc9835f03",
            "carrier_ip": "",
            "customer_owned_ip": "",
            "customer_owned_ipv4_pool": "",
            "domain": "vpc",
            "id": "eipalloc-0e296c427053ee447",
            "instance": "",
            "network_border_group": "us-east-1",
            "network_interface": "eni-0db1a6976079fe001",
            "private_dns": "ip-192-168-1-130.ec2.internal",
            "private_ip": "192.168.1.130",
            "public_dns": "ec2-18-215-196-207.compute-1.amazonaws.com",
            "public_ip": "18.215.196.207",
            "public_ipv4_pool": "amazon",
            "tags": {},
            "tags_all": {},
            "timeouts": null,
            "vpc": true
          },
          "sensitive_attributes": [],
          "private": "eyJlMmJmYjczMC1lY2FhLTExZTYtOGY4OC0zNDM2M2JjN2M0YzAiOnsiZGVsZXRlIjoxODAwMDAwMDAwMDAsInJlYWQiOjkwMDAwMDAwMDAwMCwidXBkYXRlIjozMDAwMDAwMDAwMDB9fQ=="
        }
      ]
    },
    {
      "mode": "managed",
      "type": "aws_instance",
      "name": "web_server",
      "provider": "provider[\"registry.terraform.io/hashicorp/aws\"]",
      "instances": [
        {
          "schema_version": 1,
          "attributes": {
            "ami": "ami-0d5eff06f840b45e9",
            "arn": "arn:aws:ec2:us-east-1:502434380454:instance/i-0a7401b56e7ad0f41",
            "associate_public_ip_address": true,
            "availability_zone": "us-east-1a",
            "capacity_reservation_specification": [
              {
                "capacity_reservation_preference": "open",
                "capacity_reservation_target": []
              }
            ],
            "cpu_core_count": 1,
            "cpu_threads_per_core": 1,
            "credit_specification": [
              {
                "cpu_credits": "standard"
              }
            ],
            "disable_api_termination": false,
            "ebs_block_device": [],
            "ebs_optimized": false,
            "enclave_options": [
              {
                "enabled": false
              }
            ],
            "ephemeral_block_device": [],
            "get_password_data": false,
            "hibernation": false,
            "host_id": null,
            "iam_instance_profile": "",
            "id": "i-0a7401b56e7ad0f41",
            "instance_initiated_shutdown_behavior": "stop",
            "instance_state": "running",
            "instance_type": "t2.micro",
            "ipv6_address_count": 0,
            "ipv6_addresses": [],
            "key_name": "terrakey",
            "metadata_options": [
              {
                "http_endpoint": "enabled",
                "http_put_response_hop_limit": 1,
                "http_tokens": "optional"
              }
            ],
            "monitoring": false,
            "network_interface": [],
            "outpost_arn": "",
            "password_data": "",
            "placement_group": "",
            "primary_network_interface_id": "eni-088304e0585f0d31a",
            "private_dns": "ip-192-168-1-167.ec2.internal",
            "private_ip": "192.168.1.167",
            "public_dns": "ec2-18-212-88-207.compute-1.amazonaws.com",
            "public_ip": "18.212.88.207",
            "root_block_device": [
              {
                "delete_on_termination": true,
                "device_name": "/dev/xvda",
                "encrypted": false,
                "iops": 100,
                "kms_key_id": "",
                "tags": {},
                "throughput": 0,
                "volume_id": "vol-0cb079f7f2fb01eea",
                "volume_size": 8,
                "volume_type": "gp2"
              }
            ],
            "secondary_private_ips": [],
            "security_groups": [],
            "source_dest_check": true,
            "subnet_id": "subnet-04b30e9a31a53c2df",
            "tags": {
              "Name": "webserver"
            },
            "tags_all": {
              "Name": "webserver"
            },
            "tenancy": "default",
            "timeouts": null,
            "user_data": "c81c71008d7ee7a9390d6eaac1c309239e02620e",
            "user_data_base64": null,
            "volume_tags": null,
            "vpc_security_group_ids": [
              "sg-0cd6da2ebe912ab93"
            ]
          },
          "sensitive_attributes": [],
          "private": "eyJlMmJmYjczMC1lY2FhLTExZTYtOGY4OC0zNDM2M2JjN2M0YzAiOnsiY3JlYXRlIjo2MDAwMDAwMDAwMDAsImRlbGV0ZSI6MTIwMDAwMDAwMDAwMCwidXBkYXRlIjo2MDAwMDAwMDAwMDB9LCJzY2hlbWFfdmVyc2lvbiI6IjEifQ==",
          "dependencies": [
            "aws_security_group.sgforterravpc",
            "aws_subnet.tvpc-sub1",
            "aws_vpc.terravpc"
          ]
        }
      ]
    },
    {
      "mode": "managed",
      "type": "aws_internet_gateway",
      "name": "tigw",
      "provider": "provider[\"registry.terraform.io/hashicorp/aws\"]",
      "instances": [
        {
          "schema_version": 0,
          "attributes": {
            "arn": "arn:aws:ec2:us-east-1:502434380454:internet-gateway/igw-0df60a5bd28e1baf2",
            "id": "igw-0df60a5bd28e1baf2",
            "owner_id": "502434380454",
            "tags": {
              "Name": "tigw"
            },
            "tags_all": {
              "Name": "tigw"
            },
            "vpc_id": "vpc-0e3f40c0ac561358d"
          },
          "sensitive_attributes": [],
          "private": "bnVsbA==",
          "dependencies": [
            "aws_vpc.terravpc"
          ]
        }
      ]
    },
    {
      "mode": "managed",
      "type": "aws_key_pair",
      "name": "terrakey",
      "provider": "provider[\"registry.terraform.io/hashicorp/aws\"]",
      "instances": [
        {
          "schema_version": 1,
          "attributes": {
            "arn": "arn:aws:ec2:us-east-1:502434380454:key-pair/terrakey",
            "fingerprint": "8b:92:78:09:dd:5d:6f:02:43:52:57:4b:74:55:13:9c",
            "id": "terrakey",
            "key_name": "terrakey",
            "key_name_prefix": null,
            "key_pair_id": "key-010570da6524521bc",
            "public_key": "ssh-rsa AAAAB3NzaC1yc2EAAAADAQABAAABAQDzccK9UHIGe0jWWs46nh4+x5ge5nPaftkJW7wR7nHAle42++Qg7+LI5erB9BX1PyEKw0dwsssGqYfMJiTUlAvH9lrLhTxtFLzblC00Ro89gW6uVYP5oeowQu26oGAV2CyYbGrErPgD5vC39oYdlROPtjZL/Y2luWynHP55brobweQKb4T75Z1xaPMUnvwAvF/UpYOuohpJIrmYFdU8QlcKNQ7ypCnCkXrMkEjf6T0OQe7RbGgBIscd0dhsv1L8lP6e24CfSpLyzLpS7PXbFvVRs22BD6gbSXN+NPTSJ6hzGf7BpI+vDO+RzT1N3Z9Zm7OmC1/icW+5RM/fGCLZFH3t",
            "tags": {},
            "tags_all": {}
          },
          "sensitive_attributes": [],
          "private": "eyJzY2hlbWFfdmVyc2lvbiI6IjEifQ==",
          "dependencies": [
            "tls_private_key.terrakey"
          ]
        }
      ]
    },
    {
      "mode": "managed",
      "type": "aws_launch_template",
      "name": "mywebserver",
      "provider": "provider[\"registry.terraform.io/hashicorp/aws\"]",
      "instances": [
        {
          "schema_version": 0,
          "attributes": {
            "arn": "arn:aws:ec2:us-east-1:502434380454:launch-template/lt-0b5a550e92a8d8eab",
            "block_device_mappings": [],
            "capacity_reservation_specification": [],
            "cpu_options": [],
            "credit_specification": [],
            "default_version": 1,
            "description": "",
            "disable_api_termination": false,
            "ebs_optimized": "",
            "elastic_gpu_specifications": [],
            "elastic_inference_accelerator": [],
            "enclave_options": [],
            "hibernation_options": [],
            "iam_instance_profile": [],
            "id": "lt-0b5a550e92a8d8eab",
            "image_id": "ami-040e2caea98c68e8a",
            "instance_initiated_shutdown_behavior": "",
            "instance_market_options": [],
            "instance_type": "t2.micro",
            "kernel_id": "",
            "key_name": "",
            "latest_version": 1,
            "license_specification": [],
            "metadata_options": [],
            "monitoring": [],
            "name": "mywebserver20210617145908688400000001",
            "name_prefix": "mywebserver",
            "network_interfaces": [],
            "placement": [],
            "ram_disk_id": "",
            "security_group_names": [],
            "tag_specifications": [],
            "tags": {},
            "tags_all": {},
            "update_default_version": null,
            "user_data": "",
            "vpc_security_group_ids": []
          },
          "sensitive_attributes": [],
          "private": "bnVsbA==",
          "dependencies": [
            "aws_instance.web_server",
            "aws_security_group.sgforterravpc",
            "aws_subnet.tvpc-sub1",
            "aws_vpc.terravpc",
            "aws_ami_from_instance.Myweb_server"
          ]
        }
      ]
    },
    {
      "mode": "managed",
      "type": "aws_lb",
      "name": "ALB",
      "provider": "provider[\"registry.terraform.io/hashicorp/aws\"]",
      "instances": [
        {
          "schema_version": 0,
          "attributes": {
            "access_logs": [
              {
                "bucket": "",
                "enabled": false,
                "prefix": ""
              }
            ],
            "arn": "arn:aws:elasticloadbalancing:us-east-1:502434380454:loadbalancer/app/alb/980c4ef69665b3c7",
            "arn_suffix": "app/alb/980c4ef69665b3c7",
            "customer_owned_ipv4_pool": "",
            "dns_name": "alb-1325891101.us-east-1.elb.amazonaws.com",
            "drop_invalid_header_fields": false,
            "enable_cross_zone_load_balancing": null,
            "enable_deletion_protection": true,
            "enable_http2": true,
            "id": "arn:aws:elasticloadbalancing:us-east-1:502434380454:loadbalancer/app/alb/980c4ef69665b3c7",
            "idle_timeout": 60,
            "internal": false,
            "ip_address_type": "ipv4",
            "load_balancer_type": "application",
            "name": "alb",
            "name_prefix": null,
            "security_groups": [
              "sg-01b4aad4bfb35bb07"
            ],
            "subnet_mapping": [
              {
                "allocation_id": "",
                "ipv6_address": "",
                "outpost_id": "",
                "private_ipv4_address": "",
                "subnet_id": "subnet-04b30e9a31a53c2df"
              },
              {
                "allocation_id": "",
                "ipv6_address": "",
                "outpost_id": "",
                "private_ipv4_address": "",
                "subnet_id": "subnet-09f81f3963dab9b08"
              }
            ],
            "subnets": [
              "subnet-04b30e9a31a53c2df",
              "subnet-09f81f3963dab9b08"
            ],
            "tags": {
              "Environment": "production"
            },
            "tags_all": {
              "Environment": "production"
            },
            "timeouts": null,
            "vpc_id": "vpc-0e3f40c0ac561358d",
            "zone_id": "Z35SXDOTRQ7X7K"
          },
          "sensitive_attributes": [],
          "private": "eyJlMmJmYjczMC1lY2FhLTExZTYtOGY4OC0zNDM2M2JjN2M0YzAiOnsiY3JlYXRlIjo2MDAwMDAwMDAwMDAsImRlbGV0ZSI6NjAwMDAwMDAwMDAwLCJ1cGRhdGUiOjYwMDAwMDAwMDAwMH19",
          "dependencies": [
            "aws_vpc.terravpc",
            "aws_security_group.sgforALB",
            "aws_subnet.tvpc-sub1",
            "aws_subnet.tvpc-sub2"
          ]
        }
      ]
    },
    {
      "mode": "managed",
      "type": "aws_lb_listener",
      "name": "front_end",
      "provider": "provider[\"registry.terraform.io/hashicorp/aws\"]",
      "instances": [
        {
          "schema_version": 0,
          "attributes": {
            "alpn_policy": null,
            "arn": "arn:aws:elasticloadbalancing:us-east-1:502434380454:listener/app/alb/980c4ef69665b3c7/7253e627ec7c5b7d",
            "certificate_arn": null,
            "default_action": [
              {
                "authenticate_cognito": [],
                "authenticate_oidc": [],
                "fixed_response": [],
                "forward": [],
                "order": 1,
                "redirect": [],
                "target_group_arn": "arn:aws:elasticloadbalancing:us-east-1:502434380454:targetgroup/Tgforalb/2337e581552664e1",
                "type": "forward"
              }
            ],
            "id": "arn:aws:elasticloadbalancing:us-east-1:502434380454:listener/app/alb/980c4ef69665b3c7/7253e627ec7c5b7d",
            "load_balancer_arn": "arn:aws:elasticloadbalancing:us-east-1:502434380454:loadbalancer/app/alb/980c4ef69665b3c7",
            "port": 80,
            "protocol": "HTTP",
            "ssl_policy": "",
            "tags": {},
            "tags_all": {},
            "timeouts": null
          },
          "sensitive_attributes": [],
          "private": "eyJlMmJmYjczMC1lY2FhLTExZTYtOGY4OC0zNDM2M2JjN2M0YzAiOnsicmVhZCI6NjAwMDAwMDAwMDAwfX0=",
          "dependencies": [
            "aws_vpc.terravpc",
            "aws_lb.ALB",
            "aws_lb_target_group.Tgforalb",
            "aws_security_group.sgforALB",
            "aws_subnet.tvpc-sub1",
            "aws_subnet.tvpc-sub2"
          ]
        }
      ]
    },
    {
      "mode": "managed",
      "type": "aws_lb_target_group",
      "name": "Tgforalb",
      "provider": "provider[\"registry.terraform.io/hashicorp/aws\"]",
      "instances": [
        {
          "schema_version": 0,
          "attributes": {
            "arn": "arn:aws:elasticloadbalancing:us-east-1:502434380454:targetgroup/Tgforalb/2337e581552664e1",
            "arn_suffix": "targetgroup/Tgforalb/2337e581552664e1",
            "deregistration_delay": 300,
            "health_check": [
              {
                "enabled": true,
                "healthy_threshold": 5,
                "interval": 30,
                "matcher": "200",
                "path": "/",
                "port": "traffic-port",
                "protocol": "HTTP",
                "timeout": 5,
                "unhealthy_threshold": 2
              }
            ],
            "id": "arn:aws:elasticloadbalancing:us-east-1:502434380454:targetgroup/Tgforalb/2337e581552664e1",
            "lambda_multi_value_headers_enabled": false,
            "load_balancing_algorithm_type": "round_robin",
            "name": "Tgforalb",
            "name_prefix": null,
            "port": 80,
            "preserve_client_ip": null,
            "protocol": "HTTP",
            "protocol_version": "HTTP1",
            "proxy_protocol_v2": false,
            "slow_start": 0,
            "stickiness": [
              {
                "cookie_duration": 86400,
                "enabled": false,
                "type": "lb_cookie"
              }
            ],
            "tags": {},
            "tags_all": {},
            "target_type": "instance",
            "vpc_id": "vpc-0e3f40c0ac561358d"
          },
          "sensitive_attributes": [],
          "private": "bnVsbA==",
          "dependencies": [
            "aws_vpc.terravpc"
          ]
        }
      ]
    },
    {
      "mode": "managed",
      "type": "aws_lb_target_group_attachment",
      "name": "test",
      "provider": "provider[\"registry.terraform.io/hashicorp/aws\"]",
      "instances": [
        {
          "schema_version": 0,
          "attributes": {
            "availability_zone": null,
            "id": "arn:aws:elasticloadbalancing:us-east-1:502434380454:targetgroup/Tgforalb/2337e581552664e1-20210617092349822600000001",
            "port": 80,
            "target_group_arn": "arn:aws:elasticloadbalancing:us-east-1:502434380454:targetgroup/Tgforalb/2337e581552664e1",
            "target_id": "i-0a7401b56e7ad0f41"
          },
          "sensitive_attributes": [],
          "private": "bnVsbA==",
          "dependencies": [
            "aws_subnet.tvpc-sub1",
            "aws_vpc.terravpc",
            "aws_instance.web_server",
            "aws_lb_target_group.Tgforalb",
            "aws_security_group.sgforterravpc"
          ]
        }
      ]
    },
    {
      "mode": "managed",
      "type": "aws_nat_gateway",
      "name": "tnatgw",
      "provider": "provider[\"registry.terraform.io/hashicorp/aws\"]",
      "instances": [
        {
          "schema_version": 0,
          "attributes": {
            "allocation_id": "eipalloc-0e296c427053ee447",
            "id": "nat-0cbd34a725106ad66",
            "network_interface_id": "eni-0db1a6976079fe001",
            "private_ip": "192.168.1.130",
            "public_ip": "18.215.196.207",
            "subnet_id": "subnet-04b30e9a31a53c2df",
            "tags": {},
            "tags_all": {}
          },
          "sensitive_attributes": [],
          "private": "bnVsbA==",
          "dependencies": [
            "aws_vpc.terravpc",
            "aws_eip.eipfornat",
            "aws_internet_gateway.tigw",
            "aws_subnet.tvpc-sub1"
          ]
        }
      ]
    },
    {
      "mode": "managed",
      "type": "aws_route_table",
      "name": "rt_terravpc",
      "provider": "provider[\"registry.terraform.io/hashicorp/aws\"]",
      "instances": [
        {
          "schema_version": 0,
          "attributes": {
            "arn": "arn:aws:ec2:us-east-1:502434380454:route-table/rtb-0fb7cda35ab66eca9",
            "id": "rtb-0fb7cda35ab66eca9",
            "owner_id": "502434380454",
            "propagating_vgws": [],
            "route": [
              {
                "carrier_gateway_id": "",
                "cidr_block": "0.0.0.0/0",
                "destination_prefix_list_id": "",
                "egress_only_gateway_id": "",
                "gateway_id": "igw-0df60a5bd28e1baf2",
                "instance_id": "",
                "ipv6_cidr_block": "",
                "local_gateway_id": "",
                "nat_gateway_id": "",
                "network_interface_id": "",
                "transit_gateway_id": "",
                "vpc_endpoint_id": "",
                "vpc_peering_connection_id": ""
              }
            ],
            "tags": {
              "Name": "rt_terravpc"
            },
            "tags_all": {
              "Name": "rt_terravpc"
            },
            "vpc_id": "vpc-0e3f40c0ac561358d"
          },
          "sensitive_attributes": [],
          "private": "bnVsbA==",
          "dependencies": [
            "aws_internet_gateway.tigw",
            "aws_vpc.terravpc"
          ]
        }
      ]
    },
    {
      "mode": "managed",
      "type": "aws_route_table",
      "name": "rtprivate_terravpc",
      "provider": "provider[\"registry.terraform.io/hashicorp/aws\"]",
      "instances": [
        {
          "schema_version": 0,
          "attributes": {
            "arn": "arn:aws:ec2:us-east-1:502434380454:route-table/rtb-098869b727228a268",
            "id": "rtb-098869b727228a268",
            "owner_id": "502434380454",
            "propagating_vgws": [],
            "route": [
              {
                "carrier_gateway_id": "",
                "cidr_block": "0.0.0.0/0",
                "destination_prefix_list_id": "",
                "egress_only_gateway_id": "",
                "gateway_id": "nat-0cbd34a725106ad66",
                "instance_id": "",
                "ipv6_cidr_block": "",
                "local_gateway_id": "",
                "nat_gateway_id": "",
                "network_interface_id": "",
                "transit_gateway_id": "",
                "vpc_endpoint_id": "",
                "vpc_peering_connection_id": ""
              }
            ],
            "tags": {
              "Name": "rtprivate_terravpc"
            },
            "tags_all": {
              "Name": "rtprivate_terravpc"
            },
            "vpc_id": "vpc-0e3f40c0ac561358d"
          },
          "sensitive_attributes": [],
          "private": "bnVsbA==",
          "dependencies": [
            "aws_nat_gateway.tnatgw",
            "aws_vpc.terravpc"
          ]
        }
      ]
    },
    {
      "mode": "managed",
      "type": "aws_route_table_association",
      "name": "rt_sub1",
      "provider": "provider[\"registry.terraform.io/hashicorp/aws\"]",
      "instances": [
        {
          "schema_version": 0,
          "attributes": {
            "gateway_id": null,
            "id": "rtbassoc-0155ee358736f1e9d",
            "route_table_id": "rtb-0fb7cda35ab66eca9",
            "subnet_id": "subnet-04b30e9a31a53c2df"
          },
          "sensitive_attributes": [],
          "private": "bnVsbA==",
          "dependencies": [
            "aws_vpc.terravpc",
            "aws_internet_gateway.tigw",
            "aws_route_table.rt_terravpc",
            "aws_subnet.tvpc-sub1"
          ]
        }
      ]
    },
    {
      "mode": "managed",
      "type": "aws_route_table_association",
      "name": "rt_sub2",
      "provider": "provider[\"registry.terraform.io/hashicorp/aws\"]",
      "instances": [
        {
          "schema_version": 0,
          "attributes": {
            "gateway_id": null,
            "id": "rtbassoc-03815927291ab1a24",
            "route_table_id": "rtb-0fb7cda35ab66eca9",
            "subnet_id": "subnet-09f81f3963dab9b08"
          },
          "sensitive_attributes": [],
          "private": "bnVsbA==",
          "dependencies": [
            "aws_internet_gateway.tigw",
            "aws_route_table.rt_terravpc",
            "aws_subnet.tvpc-sub2",
            "aws_vpc.terravpc"
          ]
        }
      ]
    },
    {
      "mode": "managed",
      "type": "aws_route_table_association",
      "name": "rt_sub3",
      "provider": "provider[\"registry.terraform.io/hashicorp/aws\"]",
      "instances": [
        {
          "schema_version": 0,
          "attributes": {
            "gateway_id": null,
            "id": "rtbassoc-0a4e135ee9b1aedb7",
            "route_table_id": "rtb-098869b727228a268",
            "subnet_id": "subnet-0ae1168c3031d0915"
          },
          "sensitive_attributes": [],
          "private": "bnVsbA==",
          "dependencies": [
            "aws_subnet.tvpc-sub3",
            "aws_vpc.terravpc",
            "aws_eip.eipfornat",
            "aws_internet_gateway.tigw",
            "aws_nat_gateway.tnatgw",
            "aws_route_table.rtprivate_terravpc",
            "aws_subnet.tvpc-sub1"
          ]
        }
      ]
    },
    {
      "mode": "managed",
      "type": "aws_route_table_association",
      "name": "rt_sub4",
      "provider": "provider[\"registry.terraform.io/hashicorp/aws\"]",
      "instances": [
        {
          "schema_version": 0,
          "attributes": {
            "gateway_id": null,
            "id": "rtbassoc-0ad004efa56488533",
            "route_table_id": "rtb-098869b727228a268",
            "subnet_id": "subnet-078f8dad14dd60da0"
          },
          "sensitive_attributes": [],
          "private": "bnVsbA==",
          "dependencies": [
            "aws_eip.eipfornat",
            "aws_internet_gateway.tigw",
            "aws_nat_gateway.tnatgw",
            "aws_route_table.rtprivate_terravpc",
            "aws_subnet.tvpc-sub1",
            "aws_subnet.tvpc-sub4",
            "aws_vpc.terravpc"
          ]
        }
      ]
    },
    {
      "mode": "managed",
      "type": "aws_security_group",
      "name": "sgforALB",
      "provider": "provider[\"registry.terraform.io/hashicorp/aws\"]",
      "instances": [
        {
          "schema_version": 1,
          "attributes": {
            "arn": "arn:aws:ec2:us-east-1:502434380454:security-group/sg-01b4aad4bfb35bb07",
            "description": "Managed by Terraform",
            "egress": [
              {
                "cidr_blocks": [
                  "0.0.0.0/0"
                ],
                "description": "",
                "from_port": 0,
                "ipv6_cidr_blocks": [],
                "prefix_list_ids": [],
                "protocol": "-1",
                "security_groups": [],
                "self": false,
                "to_port": 0
              }
            ],
            "id": "sg-01b4aad4bfb35bb07",
            "ingress": [
              {
                "cidr_blocks": [
                  "0.0.0.0/0"
                ],
                "description": "",
                "from_port": 22,
                "ipv6_cidr_blocks": [],
                "prefix_list_ids": [],
                "protocol": "tcp",
                "security_groups": [],
                "self": false,
                "to_port": 22
              },
              {
                "cidr_blocks": [
                  "0.0.0.0/0"
                ],
                "description": "",
                "from_port": 443,
                "ipv6_cidr_blocks": [],
                "prefix_list_ids": [],
                "protocol": "tcp",
                "security_groups": [],
                "self": false,
                "to_port": 443
              },
              {
                "cidr_blocks": [
                  "0.0.0.0/0"
                ],
                "description": "",
                "from_port": 80,
                "ipv6_cidr_blocks": [],
                "prefix_list_ids": [],
                "protocol": "tcp",
                "security_groups": [],
                "self": false,
                "to_port": 80
              }
            ],
            "name": "terraform-20210616084256610800000001",
            "name_prefix": "terraform-",
            "owner_id": "502434380454",
            "revoke_rules_on_delete": false,
            "tags": {
              "Name": "ALBSG"
            },
            "tags_all": {
              "Name": "ALBSG"
            },
            "timeouts": null,
            "vpc_id": "vpc-0e3f40c0ac561358d"
          },
          "sensitive_attributes": [],
          "private": "eyJlMmJmYjczMC1lY2FhLTExZTYtOGY4OC0zNDM2M2JjN2M0YzAiOnsiY3JlYXRlIjo2MDAwMDAwMDAwMDAsImRlbGV0ZSI6OTAwMDAwMDAwMDAwfSwic2NoZW1hX3ZlcnNpb24iOiIxIn0=",
          "dependencies": [
            "aws_vpc.terravpc"
          ]
        }
      ]
    },
    {
      "mode": "managed",
      "type": "aws_security_group",
      "name": "sgforterravpc",
      "provider": "provider[\"registry.terraform.io/hashicorp/aws\"]",
      "instances": [
        {
          "schema_version": 1,
          "attributes": {
            "arn": "arn:aws:ec2:us-east-1:502434380454:security-group/sg-0cd6da2ebe912ab93",
            "description": "Managed by Terraform",
            "egress": [
              {
                "cidr_blocks": [
                  "0.0.0.0/0"
                ],
                "description": "",
                "from_port": 0,
                "ipv6_cidr_blocks": [],
                "prefix_list_ids": [],
                "protocol": "-1",
                "security_groups": [],
                "self": false,
                "to_port": 0
              }
            ],
            "id": "sg-0cd6da2ebe912ab93",
            "ingress": [
              {
                "cidr_blocks": [
                  "0.0.0.0/0"
                ],
                "description": "",
                "from_port": 22,
                "ipv6_cidr_blocks": [],
                "prefix_list_ids": [],
                "protocol": "tcp",
                "security_groups": [],
                "self": false,
                "to_port": 22
              },
              {
                "cidr_blocks": [
                  "0.0.0.0/0"
                ],
                "description": "",
                "from_port": 80,
                "ipv6_cidr_blocks": [],
                "prefix_list_ids": [],
                "protocol": "tcp",
                "security_groups": [],
                "self": false,
                "to_port": 80
              }
            ],
            "name": "terraform-20210610040838290100000001",
            "name_prefix": "terraform-",
            "owner_id": "502434380454",
            "revoke_rules_on_delete": false,
            "tags": {
              "Name": "terravpcSG"
            },
            "tags_all": {
              "Name": "terravpcSG"
            },
            "timeouts": null,
            "vpc_id": "vpc-0e3f40c0ac561358d"
          },
          "sensitive_attributes": [],
          "private": "eyJlMmJmYjczMC1lY2FhLTExZTYtOGY4OC0zNDM2M2JjN2M0YzAiOnsiY3JlYXRlIjo2MDAwMDAwMDAwMDAsImRlbGV0ZSI6OTAwMDAwMDAwMDAwfSwic2NoZW1hX3ZlcnNpb24iOiIxIn0=",
          "dependencies": [
            "aws_vpc.terravpc"
          ]
        }
      ]
    },
    {
      "mode": "managed",
      "type": "aws_subnet",
      "name": "tvpc-sub1",
      "provider": "provider[\"registry.terraform.io/hashicorp/aws\"]",
      "instances": [
        {
          "schema_version": 1,
          "attributes": {
            "arn": "arn:aws:ec2:us-east-1:502434380454:subnet/subnet-04b30e9a31a53c2df",
            "assign_ipv6_address_on_creation": false,
            "availability_zone": "us-east-1a",
            "availability_zone_id": "use1-az4",
            "cidr_block": "192.168.1.0/24",
            "customer_owned_ipv4_pool": "",
            "id": "subnet-04b30e9a31a53c2df",
            "ipv6_cidr_block": "",
            "ipv6_cidr_block_association_id": "",
            "map_customer_owned_ip_on_launch": false,
            "map_public_ip_on_launch": true,
            "outpost_arn": "",
            "owner_id": "502434380454",
            "tags": {
              "Name": "tvpc-sub1"
            },
            "tags_all": {
              "Name": "tvpc-sub1"
            },
            "timeouts": null,
            "vpc_id": "vpc-0e3f40c0ac561358d"
          },
          "sensitive_attributes": [],
          "private": "eyJlMmJmYjczMC1lY2FhLTExZTYtOGY4OC0zNDM2M2JjN2M0YzAiOnsiY3JlYXRlIjo2MDAwMDAwMDAwMDAsImRlbGV0ZSI6MTIwMDAwMDAwMDAwMH0sInNjaGVtYV92ZXJzaW9uIjoiMSJ9",
          "dependencies": [
            "aws_vpc.terravpc"
          ]
        }
      ]
    },
    {
      "mode": "managed",
      "type": "aws_subnet",
      "name": "tvpc-sub2",
      "provider": "provider[\"registry.terraform.io/hashicorp/aws\"]",
      "instances": [
        {
          "schema_version": 1,
          "attributes": {
            "arn": "arn:aws:ec2:us-east-1:502434380454:subnet/subnet-09f81f3963dab9b08",
            "assign_ipv6_address_on_creation": false,
            "availability_zone": "us-east-1b",
            "availability_zone_id": "use1-az6",
            "cidr_block": "192.168.2.0/24",
            "customer_owned_ipv4_pool": "",
            "id": "subnet-09f81f3963dab9b08",
            "ipv6_cidr_block": "",
            "ipv6_cidr_block_association_id": "",
            "map_customer_owned_ip_on_launch": false,
            "map_public_ip_on_launch": true,
            "outpost_arn": "",
            "owner_id": "502434380454",
            "tags": {
              "Name": "tvpc-sub2"
            },
            "tags_all": {
              "Name": "tvpc-sub2"
            },
            "timeouts": null,
            "vpc_id": "vpc-0e3f40c0ac561358d"
          },
          "sensitive_attributes": [],
          "private": "eyJlMmJmYjczMC1lY2FhLTExZTYtOGY4OC0zNDM2M2JjN2M0YzAiOnsiY3JlYXRlIjo2MDAwMDAwMDAwMDAsImRlbGV0ZSI6MTIwMDAwMDAwMDAwMH0sInNjaGVtYV92ZXJzaW9uIjoiMSJ9",
          "dependencies": [
            "aws_vpc.terravpc"
          ]
        }
      ]
    },
    {
      "mode": "managed",
      "type": "aws_subnet",
      "name": "tvpc-sub3",
      "provider": "provider[\"registry.terraform.io/hashicorp/aws\"]",
      "instances": [
        {
          "schema_version": 1,
          "attributes": {
            "arn": "arn:aws:ec2:us-east-1:502434380454:subnet/subnet-0ae1168c3031d0915",
            "assign_ipv6_address_on_creation": false,
            "availability_zone": "us-east-1b",
            "availability_zone_id": "use1-az6",
            "cidr_block": "192.168.3.0/24",
            "customer_owned_ipv4_pool": "",
            "id": "subnet-0ae1168c3031d0915",
            "ipv6_cidr_block": "",
            "ipv6_cidr_block_association_id": "",
            "map_customer_owned_ip_on_launch": false,
            "map_public_ip_on_launch": true,
            "outpost_arn": "",
            "owner_id": "502434380454",
            "tags": {
              "Name": "tvpc-sub3"
            },
            "tags_all": {
              "Name": "tvpc-sub3"
            },
            "timeouts": null,
            "vpc_id": "vpc-0e3f40c0ac561358d"
          },
          "sensitive_attributes": [],
          "private": "eyJlMmJmYjczMC1lY2FhLTExZTYtOGY4OC0zNDM2M2JjN2M0YzAiOnsiY3JlYXRlIjo2MDAwMDAwMDAwMDAsImRlbGV0ZSI6MTIwMDAwMDAwMDAwMH0sInNjaGVtYV92ZXJzaW9uIjoiMSJ9",
          "dependencies": [
            "aws_vpc.terravpc"
          ]
        }
      ]
    },
    {
      "mode": "managed",
      "type": "aws_subnet",
      "name": "tvpc-sub4",
      "provider": "provider[\"registry.terraform.io/hashicorp/aws\"]",
      "instances": [
        {
          "schema_version": 1,
          "attributes": {
            "arn": "arn:aws:ec2:us-east-1:502434380454:subnet/subnet-078f8dad14dd60da0",
            "assign_ipv6_address_on_creation": false,
            "availability_zone": "us-east-1b",
            "availability_zone_id": "use1-az6",
            "cidr_block": "192.168.4.0/24",
            "customer_owned_ipv4_pool": "",
            "id": "subnet-078f8dad14dd60da0",
            "ipv6_cidr_block": "",
            "ipv6_cidr_block_association_id": "",
            "map_customer_owned_ip_on_launch": false,
            "map_public_ip_on_launch": true,
            "outpost_arn": "",
            "owner_id": "502434380454",
            "tags": {
              "Name": "tvpc-sub4"
            },
            "tags_all": {
              "Name": "tvpc-sub4"
            },
            "timeouts": null,
            "vpc_id": "vpc-0e3f40c0ac561358d"
          },
          "sensitive_attributes": [],
          "private": "eyJlMmJmYjczMC1lY2FhLTExZTYtOGY4OC0zNDM2M2JjN2M0YzAiOnsiY3JlYXRlIjo2MDAwMDAwMDAwMDAsImRlbGV0ZSI6MTIwMDAwMDAwMDAwMH0sInNjaGVtYV92ZXJzaW9uIjoiMSJ9",
          "dependencies": [
            "aws_vpc.terravpc"
          ]
        }
      ]
    },
    {
      "mode": "managed",
      "type": "aws_vpc",
      "name": "terravpc",
      "provider": "provider[\"registry.terraform.io/hashicorp/aws\"]",
      "instances": [
        {
          "schema_version": 1,
          "attributes": {
            "arn": "arn:aws:ec2:us-east-1:502434380454:vpc/vpc-0e3f40c0ac561358d",
            "assign_generated_ipv6_cidr_block": false,
            "cidr_block": "192.168.0.0/16",
            "default_network_acl_id": "acl-0ef1c47b666d62cc5",
            "default_route_table_id": "rtb-0b5a4f336d126b581",
            "default_security_group_id": "sg-0d8d1744101e8f091",
            "dhcp_options_id": "dopt-f490a08e",
            "enable_classiclink": false,
            "enable_classiclink_dns_support": false,
            "enable_dns_hostnames": true,
            "enable_dns_support": true,
            "id": "vpc-0e3f40c0ac561358d",
            "instance_tenancy": "default",
            "ipv6_association_id": "",
            "ipv6_cidr_block": "",
            "main_route_table_id": "rtb-0b5a4f336d126b581",
            "owner_id": "502434380454",
            "tags": {
              "Name": "teeravpc"
            },
            "tags_all": {
              "Name": "teeravpc"
            }
          },
          "sensitive_attributes": [],
          "private": "eyJzY2hlbWFfdmVyc2lvbiI6IjEifQ=="
        }
      ]
    },
    {
      "mode": "managed",
      "type": "local_file",
      "name": "key",
      "provider": "provider[\"registry.terraform.io/hashicorp/local\"]",
      "instances": [
        {
          "schema_version": 0,
          "attributes": {
            "content": "-----BEGIN RSA PRIVATE KEY-----\nMIIEpgIBAAKCAQEA83HCvVByBntI1lrOOp4ePseYHuZz2n7ZCVu8Ee5xwJXuNvvk\nIO/iyOXqwfQV9T8hCsNHcLLLBqmHzCYk1JQLx/Zay4U8bRS825QtNEaPPYFurlWD\n+aHqMELtuqBgFdgsmGxqxKz4A+bwt/aGHZUTj7Y2S/2Npblspxz+eW66G8HkCm+E\n++WdcWjzFJ78ALxf1KWDrqIaSSK5mBXVPEJXCjUO8qQpwpF6zJBI3+k9DkHu0Wxo\nASLHHdHYbL9S/JT+ntuAn0qS8sy6Uuz12xb1UbNtgQ+oG0lzfjT00ieocxn+waSP\nrwzvkc09Td2fWZuzpgtf4nFvuUTP3xgi2RR97QIDAQABAoIBAQCdvLhRsi4vxPIM\n8gluMcWnJ+yJGQk4Kbi3N5lEhRtvjbYsKkpGjSiEw3S4907C+YSPVLiVbUPfrTkw\nLgbvNn3rstRhypK8mxNDs18W4CEv2Q2+J+q7dQ4o9zTSF9gqT0eV+6myheCtppWS\nnUmJIW7rT0UfN8rv9pVQMpkwVW6BTHzI/1cVT1dvLojeNeyaytLaipNcU4BNN2XE\nv9wj/gktwQTYBnrJKS/c2FQgLPG5P2pYFpWCRmklmvB6tin2lhv13XzukELZW0mE\n/ivjHi6q879ZnyXsrREu6cEo2OT/jEsRU/0fNhbl7/yak3Eegvio1L1+y9fj/rty\nWvUVuSSBAoGBAPXd1OfteTsq/XBvBsoaBPQoTibfJEQwJIibfsDgGoFaDMVXzdsN\nC9Fc6G4q2QkTKwabfUAMzjoVrX0ZWYFbgKD+dce5qGTcecIYTasguUeHWgH6C/P8\nyg11+9yv+J5JCELMCdpQJZf5k0eVzG6YDvZerctjScjYkRhiC8XgFAVjAoGBAP16\nX2M/9tIs60TWN3qHqRABbtCEyqMp06KjPGdKcUGmczhIx4hL+RFht2DUTy3FKZkq\ni+pDpLw5T6E5UGCA3LGqd++c0xNoIcI18iTomutGkqdxnBw5AW/lJIxZliqere61\n8pdaWc0ayg2Ts7+ZTVK3wUeZJG2t1CFL6ZfnjbhvAoGBAOpDT1Uc4+IIeCrk3uc6\nG3Y34R8QhhGifWzcG83Sue59yqVNoAsTRytZBu3RTbJj3R8SkCizCtw1Q3Rq7ule\nMhUz3y1KLLTNjgXt+jMPnvoUcSJpCXKUbkCdJjmEQbMvivt6RfkJXIiNeFNA2+SU\nZc1BMP8Vv3vrPXSqFuWXN/xZAoGBALyLBeDhd0qmtumhHes6dXq+Vhssaz4qoo1b\nNlbufIgEs7euCx1KxZ00Ph78TVkSSvrvNtuuLR8E0kJuS2c88uwEjOnikO7iihnX\n3qGtk25mNDfwvdoQXQ1KOIFdMeHJ3j6tgCEsx5dU0e5/azidY3Kf1FjZhMtAfYW2\n3a5sQnJpAoGBAKulOVQHQ5x43GZlbARidfZvtz/cx9RmuOQX/56ReomLF/MxgOpB\nIrH/xfDIAp6q2R83QoSgymXKD9OPr5LE3fg9/N5sZmsJvXJ6t680UBWsIUu+PDnB\ndiQ94jMo7qvYBrlJqZHBb8GbVUHRZppCjjEh0EpjXiOGw9Ev94gyzot3\n-----END RSA PRIVATE KEY-----\n",
            "content_base64": null,
            "directory_permission": "0777",
            "file_permission": "0400",
            "filename": "terrakey.pem",
            "id": "69146311a126862627047dd8bd3ab6c31282cf60",
            "sensitive_content": null,
            "source": null
          },
          "sensitive_attributes": [
            [
              {
                "type": "get_attr",
                "value": "content"
              }
            ]
          ],
          "private": "bnVsbA==",
          "dependencies": [
            "tls_private_key.terrakey"
          ]
        }
      ]
    },
    {
      "mode": "managed",
      "type": "tls_private_key",
      "name": "terrakey",
      "provider": "provider[\"registry.terraform.io/hashicorp/tls\"]",
      "instances": [
        {
          "schema_version": 0,
          "attributes": {
            "algorithm": "RSA",
            "ecdsa_curve": "P224",
            "id": "128912659d3860c26d90301debb4ce9bc85be407",
            "private_key_pem": "-----BEGIN RSA PRIVATE KEY-----\nMIIEpgIBAAKCAQEA83HCvVByBntI1lrOOp4ePseYHuZz2n7ZCVu8Ee5xwJXuNvvk\nIO/iyOXqwfQV9T8hCsNHcLLLBqmHzCYk1JQLx/Zay4U8bRS825QtNEaPPYFurlWD\n+aHqMELtuqBgFdgsmGxqxKz4A+bwt/aGHZUTj7Y2S/2Npblspxz+eW66G8HkCm+E\n++WdcWjzFJ78ALxf1KWDrqIaSSK5mBXVPEJXCjUO8qQpwpF6zJBI3+k9DkHu0Wxo\nASLHHdHYbL9S/JT+ntuAn0qS8sy6Uuz12xb1UbNtgQ+oG0lzfjT00ieocxn+waSP\nrwzvkc09Td2fWZuzpgtf4nFvuUTP3xgi2RR97QIDAQABAoIBAQCdvLhRsi4vxPIM\n8gluMcWnJ+yJGQk4Kbi3N5lEhRtvjbYsKkpGjSiEw3S4907C+YSPVLiVbUPfrTkw\nLgbvNn3rstRhypK8mxNDs18W4CEv2Q2+J+q7dQ4o9zTSF9gqT0eV+6myheCtppWS\nnUmJIW7rT0UfN8rv9pVQMpkwVW6BTHzI/1cVT1dvLojeNeyaytLaipNcU4BNN2XE\nv9wj/gktwQTYBnrJKS/c2FQgLPG5P2pYFpWCRmklmvB6tin2lhv13XzukELZW0mE\n/ivjHi6q879ZnyXsrREu6cEo2OT/jEsRU/0fNhbl7/yak3Eegvio1L1+y9fj/rty\nWvUVuSSBAoGBAPXd1OfteTsq/XBvBsoaBPQoTibfJEQwJIibfsDgGoFaDMVXzdsN\nC9Fc6G4q2QkTKwabfUAMzjoVrX0ZWYFbgKD+dce5qGTcecIYTasguUeHWgH6C/P8\nyg11+9yv+J5JCELMCdpQJZf5k0eVzG6YDvZerctjScjYkRhiC8XgFAVjAoGBAP16\nX2M/9tIs60TWN3qHqRABbtCEyqMp06KjPGdKcUGmczhIx4hL+RFht2DUTy3FKZkq\ni+pDpLw5T6E5UGCA3LGqd++c0xNoIcI18iTomutGkqdxnBw5AW/lJIxZliqere61\n8pdaWc0ayg2Ts7+ZTVK3wUeZJG2t1CFL6ZfnjbhvAoGBAOpDT1Uc4+IIeCrk3uc6\nG3Y34R8QhhGifWzcG83Sue59yqVNoAsTRytZBu3RTbJj3R8SkCizCtw1Q3Rq7ule\nMhUz3y1KLLTNjgXt+jMPnvoUcSJpCXKUbkCdJjmEQbMvivt6RfkJXIiNeFNA2+SU\nZc1BMP8Vv3vrPXSqFuWXN/xZAoGBALyLBeDhd0qmtumhHes6dXq+Vhssaz4qoo1b\nNlbufIgEs7euCx1KxZ00Ph78TVkSSvrvNtuuLR8E0kJuS2c88uwEjOnikO7iihnX\n3qGtk25mNDfwvdoQXQ1KOIFdMeHJ3j6tgCEsx5dU0e5/azidY3Kf1FjZhMtAfYW2\n3a5sQnJpAoGBAKulOVQHQ5x43GZlbARidfZvtz/cx9RmuOQX/56ReomLF/MxgOpB\nIrH/xfDIAp6q2R83QoSgymXKD9OPr5LE3fg9/N5sZmsJvXJ6t680UBWsIUu+PDnB\ndiQ94jMo7qvYBrlJqZHBb8GbVUHRZppCjjEh0EpjXiOGw9Ev94gyzot3\n-----END RSA PRIVATE KEY-----\n",
            "public_key_fingerprint_md5": "35:67:da:66:f0:2b:4f:2e:97:60:38:e2:2f:9a:6a:8a",
            "public_key_openssh": "ssh-rsa AAAAB3NzaC1yc2EAAAADAQABAAABAQDzccK9UHIGe0jWWs46nh4+x5ge5nPaftkJW7wR7nHAle42++Qg7+LI5erB9BX1PyEKw0dwsssGqYfMJiTUlAvH9lrLhTxtFLzblC00Ro89gW6uVYP5oeowQu26oGAV2CyYbGrErPgD5vC39oYdlROPtjZL/Y2luWynHP55brobweQKb4T75Z1xaPMUnvwAvF/UpYOuohpJIrmYFdU8QlcKNQ7ypCnCkXrMkEjf6T0OQe7RbGgBIscd0dhsv1L8lP6e24CfSpLyzLpS7PXbFvVRs22BD6gbSXN+NPTSJ6hzGf7BpI+vDO+RzT1N3Z9Zm7OmC1/icW+5RM/fGCLZFH3t\n",
            "public_key_pem": "-----BEGIN PUBLIC KEY-----\nMIIBIjANBgkqhkiG9w0BAQEFAAOCAQ8AMIIBCgKCAQEA83HCvVByBntI1lrOOp4e\nPseYHuZz2n7ZCVu8Ee5xwJXuNvvkIO/iyOXqwfQV9T8hCsNHcLLLBqmHzCYk1JQL\nx/Zay4U8bRS825QtNEaPPYFurlWD+aHqMELtuqBgFdgsmGxqxKz4A+bwt/aGHZUT\nj7Y2S/2Npblspxz+eW66G8HkCm+E++WdcWjzFJ78ALxf1KWDrqIaSSK5mBXVPEJX\nCjUO8qQpwpF6zJBI3+k9DkHu0WxoASLHHdHYbL9S/JT+ntuAn0qS8sy6Uuz12xb1\nUbNtgQ+oG0lzfjT00ieocxn+waSPrwzvkc09Td2fWZuzpgtf4nFvuUTP3xgi2RR9\n7QIDAQAB\n-----END PUBLIC KEY-----\n",
            "rsa_bits": 2048
          },
          "sensitive_attributes": [],
          "private": "bnVsbA=="
        }
      ]
    }
  ]
}
